{
  "nodes": {
    "crane": {
      "locked": {
        "lastModified": 1745454774,
        "narHash": "sha256-oLvmxOnsEKGtwczxp/CwhrfmQUG2ym24OMWowcoRhH8=",
        "rev": "efd36682371678e2b6da3f108fdb5c613b3ec598",
        "revCount": 729,
        "type": "tarball",
        "url": "https://api.flakehub.com/f/pinned/ipetkov/crane/0.20.3/01966538-0f80-7363-a573-2ba9fd154399/source.tar.gz"
      },
      "original": {
        "type": "tarball",
        "url": "https://flakehub.com/f/ipetkov/crane/0.20.1"
      }
    },
    "fenix": {
      "inputs": {
        "nixpkgs": [
          "nixpkgs"
        ],
        "rust-analyzer-src": "rust-analyzer-src"
      },
      "locked": {
        "lastModified": 1790858958,
        "narHash": "sha256-am3DS8g9vyeQLKk9QQvmJoZLHGBUB1rtd6zVaGeq2Mc=",
        "rev": "025bf5b6b0293c5ee3a3506a7e43ba64bc8bb1b7",
        "revCount": 2805,
        "type": "tarball",
        "url": "https://api.flakehub.com/f/pinned/nix-community/fenix/0.1.2805%2Brev-025bf5b6b0293c5ee3a3506a7e43ba64bc8bb1b7/01a0f7fd-201c-7141-9966-113030740054/source.tar.gz"
      },
      "original": {
        "type": "tarball",
        "url": "https://flakehub.com/f/nix-community/fenix/0.1"
      }
    },
    "nixpkgs": {
      "locked": {
        "lastModified": 1791456040,
        "narHash": "sha256-H83yz/do+hjOO0uujHyH8RgtIQP2v7Mw+cLwcZK/xKc=",
        "rev": "e7439b6b14ad3cc35d05608ebca9bce01a25f5f8",
        "revCount": 1087755,
        "type": "tarball",
        "url": "https://api.flakehub.com/f/pinned/NixOS/nixpkgs/0.1.1087755%2Brev-e7439b6b14ad3cc35d05608ebca9bce01a25f5f8/01a11bf5-d055-73f0-8fe7-536c741b3095/source.tar.gz"
      },
      "original": {
        "type": "tarball",
        "url": "https://flakehub.com/f/NixOS/nixpkgs/0.1"
      }
    },
    "root": {
      "inputs": {
        "crane": "crane",
        "fenix": "fenix",
        "nixpkgs": "nixpkgs"
      }
    },
    "rust-analyzer-src": {
      "flake": false,
      "locked": {
        "lastModified": 1790532271,
        "narHash": "sha256-j8y/AO3AMDF9p+11aIDhnA21JnNj5PjvcejTI43vI8Q=",
        "owner": "rust-lang",
        "repo": "rust-analyzer",
        "rev": "03fcb77246f2568adb0e9b2fa60d19c6cc1686f4",
        "type": "github"
      },
      "original": {
        "owner": "rust-lang",
        "ref": "nightly",
        "repo": "rust-analyzer",
        "type": "github"
      }
    }
  },
  "root": "root",
  "version": 7
}
